{
  "name": "100DaysCompletePythonProBootcampUdemy",
  "lockfileVersion": 3,
  "requires": true,
  "packages": {
    "": {
      "dependencies": {
        "prettytable": "^0.3.1"
      }
    },
    "node_modules/csv-parse": {
      "version": "5.4.0",
      "resolved": "https://registry.npmjs.org/csv-parse/-/csv-parse-5.4.0.tgz",
      "integrity": "sha512-JiQosUWiOFgp4hQn0an+SBoV9IKdqzhROM0iiN4LB7UpfJBlsSJlWl9nq4zGgxgMAzHJ6V4t29VAVD+3+2NJAg=="
    },
    "node_modules/prettytable": {
      "version": "0.3.1",
      "resolved": "https://registry.npmjs.org/prettytable/-/prettytable-0.3.1.tgz",
      "integrity": "sha512-gQNaAPovyDhe/D0ziwad9ULsKcTvOdgv7iIxOSxGWunMaWYdXJLZNdF0Kmke9rn6qPScn/ipbtTlj/X3H3allg==",
      "dependencies": {
        "csv-parse": "latest"
      }
    }
  }
}
